
Microsoft Visual Studio Solution File, Format Version 12.00
# Visual Studio Version 16
VisualStudioVersion = 16.0.28922.388
MinimumVisualStudioVersion = 10.0.40219.1
Project("{FAE04EC0-301F-11D3-BF4B-00C04F79EFBC}") = "avaliacao", "avaliacao\avaliacao.csproj", "{32AB6190-B047-427D-87AC-D187F1AF5EF5}"
EndProject
Global
	GlobalSection(SolutionConfigurationPlatforms) = preSolution
		Debug|Any CPU = Debug|Any CPU
		Release|Any CPU = Release|Any CPU
	EndGlobalSection
	GlobalSection(ProjectConfigurationPlatforms) = postSolution
		{32AB6190-B047-427D-87AC-D187F1AF5EF5}.Debug|Any CPU.ActiveCfg = Debug|Any CPU
		{32AB6190-B047-427D-87AC-D187F1AF5EF5}.Debug|Any CPU.Build.0 = Debug|Any CPU
		{32AB6190-B047-427D-87AC-D187F1AF5EF5}.Release|Any CPU.ActiveCfg = Release|Any CPU
		{32AB6190-B047-427D-87AC-D187F1AF5EF5}.Release|Any CPU.Build.0 = Release|Any CPU
	EndGlobalSection
	GlobalSection(SolutionProperties) = preSolution
		HideSolutionNode = FALSE
	EndGlobalSection
	GlobalSection(ExtensibilityGlobals) = postSolution
		SolutionGuid = {C9EB7877-6A2F-4347-9020-8F598CE55177}
	EndGlobalSection
EndGlobal
